
Microsoft Visual Studio Solution File, Format Version 12.00
# Visual Studio Version 17
VisualStudioVersion = 17.14.36301.6 d17.14
MinimumVisualStudioVersion = 10.0.40219.1
Project("{FAE04EC0-301F-11D3-BF4B-00C04F79EFBC}") = "Exceptions", "Exceptions.csproj", "{11C5DC0F-A7A1-46FC-9525-41E7522730FC}"
EndProject
Global
	GlobalSection(SolutionConfigurationPlatforms) = preSolution
		Debug|Any CPU = Debug|Any CPU
		Release|Any CPU = Release|Any CPU
	EndGlobalSection
	GlobalSection(ProjectConfigurationPlatforms) = postSolution
		{11C5DC0F-A7A1-46FC-9525-41E7522730FC}.Debug|Any CPU.ActiveCfg = Debug|Any CPU
		{11C5DC0F-A7A1-46FC-9525-41E7522730FC}.Debug|Any CPU.Build.0 = Debug|Any CPU
		{11C5DC0F-A7A1-46FC-9525-41E7522730FC}.Release|Any CPU.ActiveCfg = Release|Any CPU
		{11C5DC0F-A7A1-46FC-9525-41E7522730FC}.Release|Any CPU.Build.0 = Release|Any CPU
	EndGlobalSection
	GlobalSection(SolutionProperties) = preSolution
		HideSolutionNode = FALSE
	EndGlobalSection
	GlobalSection(ExtensibilityGlobals) = postSolution
		SolutionGuid = {0555A3F5-7D72-403E-AC0F-0C469263B05F}
	EndGlobalSection
EndGlobal
