
Microsoft Visual Studio Solution File, Format Version 12.00
# Visual Studio Version 17
VisualStudioVersion = 17.14.36301.6 d17.14
MinimumVisualStudioVersion = 10.0.40219.1
Project("{FAE04EC0-301F-11D3-BF4B-00C04F79EFBC}") = "2-Quotations", "2-Quotations.csproj", "{F23294C4-EF14-42A0-8634-C3691E1D8AEE}"
EndProject
Global
	GlobalSection(SolutionConfigurationPlatforms) = preSolution
		Debug|Any CPU = Debug|Any CPU
		Release|Any CPU = Release|Any CPU
	EndGlobalSection
	GlobalSection(ProjectConfigurationPlatforms) = postSolution
		{F23294C4-EF14-42A0-8634-C3691E1D8AEE}.Debug|Any CPU.ActiveCfg = Debug|Any CPU
		{F23294C4-EF14-42A0-8634-C3691E1D8AEE}.Debug|Any CPU.Build.0 = Debug|Any CPU
		{F23294C4-EF14-42A0-8634-C3691E1D8AEE}.Release|Any CPU.ActiveCfg = Release|Any CPU
		{F23294C4-EF14-42A0-8634-C3691E1D8AEE}.Release|Any CPU.Build.0 = Release|Any CPU
	EndGlobalSection
	GlobalSection(SolutionProperties) = preSolution
		HideSolutionNode = FALSE
	EndGlobalSection
	GlobalSection(ExtensibilityGlobals) = postSolution
		SolutionGuid = {6D0A803E-DA9C-4414-A32B-DB1CE5ACC5A4}
	EndGlobalSection
EndGlobal
