
Microsoft Visual Studio Solution File, Format Version 12.00
# Visual Studio Version 17
VisualStudioVersion = 17.14.36301.6 d17.14
MinimumVisualStudioVersion = 10.0.40219.1
Project("{FAE04EC0-301F-11D3-BF4B-00C04F79EFBC}") = "Kings", "Kings.csproj", "{A8866117-976E-469C-9C64-3FBDADC7F18D}"
EndProject
Global
	GlobalSection(SolutionConfigurationPlatforms) = preSolution
		Debug|Any CPU = Debug|Any CPU
		Release|Any CPU = Release|Any CPU
	EndGlobalSection
	GlobalSection(ProjectConfigurationPlatforms) = postSolution
		{A8866117-976E-469C-9C64-3FBDADC7F18D}.Debug|Any CPU.ActiveCfg = Debug|Any CPU
		{A8866117-976E-469C-9C64-3FBDADC7F18D}.Debug|Any CPU.Build.0 = Debug|Any CPU
		{A8866117-976E-469C-9C64-3FBDADC7F18D}.Release|Any CPU.ActiveCfg = Release|Any CPU
		{A8866117-976E-469C-9C64-3FBDADC7F18D}.Release|Any CPU.Build.0 = Release|Any CPU
	EndGlobalSection
	GlobalSection(SolutionProperties) = preSolution
		HideSolutionNode = FALSE
	EndGlobalSection
	GlobalSection(ExtensibilityGlobals) = postSolution
		SolutionGuid = {B5911453-D90A-466F-9B97-1A5460CA0F91}
	EndGlobalSection
EndGlobal
