
Microsoft Visual Studio Solution File, Format Version 12.00
# Visual Studio Version 17
VisualStudioVersion = 17.14.36717.8 d17.14
MinimumVisualStudioVersion = 10.0.40219.1
Project("{FAE04EC0-301F-11D3-BF4B-00C04F79EFBC}") = "SportsCompetition", "SportsCompetition.csproj", "{CCDBB4AE-D677-4589-8CE3-7B1BF3C3A9EA}"
EndProject
Global
	GlobalSection(SolutionConfigurationPlatforms) = preSolution
		Debug|Any CPU = Debug|Any CPU
		Release|Any CPU = Release|Any CPU
	EndGlobalSection
	GlobalSection(ProjectConfigurationPlatforms) = postSolution
		{CCDBB4AE-D677-4589-8CE3-7B1BF3C3A9EA}.Debug|Any CPU.ActiveCfg = Debug|Any CPU
		{CCDBB4AE-D677-4589-8CE3-7B1BF3C3A9EA}.Debug|Any CPU.Build.0 = Debug|Any CPU
		{CCDBB4AE-D677-4589-8CE3-7B1BF3C3A9EA}.Release|Any CPU.ActiveCfg = Release|Any CPU
		{CCDBB4AE-D677-4589-8CE3-7B1BF3C3A9EA}.Release|Any CPU.Build.0 = Release|Any CPU
	EndGlobalSection
	GlobalSection(SolutionProperties) = preSolution
		HideSolutionNode = FALSE
	EndGlobalSection
	GlobalSection(ExtensibilityGlobals) = postSolution
		SolutionGuid = {5CBCE860-EDE9-4FD3-A3E6-72A6664BD784}
	EndGlobalSection
EndGlobal
