
Microsoft Visual Studio Solution File, Format Version 12.00
# Visual Studio Version 17
VisualStudioVersion = 17.14.36301.6 d17.14
MinimumVisualStudioVersion = 10.0.40219.1
Project("{FAE04EC0-301F-11D3-BF4B-00C04F79EFBC}") = "1-Hello", "1-Hello.csproj", "{7096D9B9-9B63-48A3-9469-516336DDF06C}"
EndProject
Global
	GlobalSection(SolutionConfigurationPlatforms) = preSolution
		Debug|Any CPU = Debug|Any CPU
		Release|Any CPU = Release|Any CPU
	EndGlobalSection
	GlobalSection(ProjectConfigurationPlatforms) = postSolution
		{7096D9B9-9B63-48A3-9469-516336DDF06C}.Debug|Any CPU.ActiveCfg = Debug|Any CPU
		{7096D9B9-9B63-48A3-9469-516336DDF06C}.Debug|Any CPU.Build.0 = Debug|Any CPU
		{7096D9B9-9B63-48A3-9469-516336DDF06C}.Release|Any CPU.ActiveCfg = Release|Any CPU
		{7096D9B9-9B63-48A3-9469-516336DDF06C}.Release|Any CPU.Build.0 = Release|Any CPU
	EndGlobalSection
	GlobalSection(SolutionProperties) = preSolution
		HideSolutionNode = FALSE
	EndGlobalSection
	GlobalSection(ExtensibilityGlobals) = postSolution
		SolutionGuid = {7BB2A537-0C5D-40B9-8F5E-9B5876D67B37}
	EndGlobalSection
EndGlobal
