
Microsoft Visual Studio Solution File, Format Version 12.00
# Visual Studio Version 17
VisualStudioVersion = 17.10.35122.118
MinimumVisualStudioVersion = 10.0.40219.1
Project("{FAE04EC0-301F-11D3-BF4B-00C04F79EFBC}") = "3-Tergeometria", "3-Tergeometria.csproj", "{77FEA3A8-F0FC-43AB-9BFE-557D46E10AE2}"
EndProject
Global
	GlobalSection(SolutionConfigurationPlatforms) = preSolution
		Debug|Any CPU = Debug|Any CPU
		Release|Any CPU = Release|Any CPU
	EndGlobalSection
	GlobalSection(ProjectConfigurationPlatforms) = postSolution
		{77FEA3A8-F0FC-43AB-9BFE-557D46E10AE2}.Debug|Any CPU.ActiveCfg = Debug|Any CPU
		{77FEA3A8-F0FC-43AB-9BFE-557D46E10AE2}.Debug|Any CPU.Build.0 = Debug|Any CPU
		{77FEA3A8-F0FC-43AB-9BFE-557D46E10AE2}.Release|Any CPU.ActiveCfg = Release|Any CPU
		{77FEA3A8-F0FC-43AB-9BFE-557D46E10AE2}.Release|Any CPU.Build.0 = Release|Any CPU
	EndGlobalSection
	GlobalSection(SolutionProperties) = preSolution
		HideSolutionNode = FALSE
	EndGlobalSection
	GlobalSection(ExtensibilityGlobals) = postSolution
		SolutionGuid = {73FC1FEB-C57B-4772-82A1-8679C1DA87C4}
	EndGlobalSection
EndGlobal
