
Microsoft Visual Studio Solution File, Format Version 12.00
# Visual Studio Version 17
VisualStudioVersion = 17.14.36301.6 d17.14
MinimumVisualStudioVersion = 10.0.40219.1
Project("{FAE04EC0-301F-11D3-BF4B-00C04F79EFBC}") = "RGB", "RGB.csproj", "{A9EC3FDB-0FEE-4FE1-9D30-0859EEB7D1E6}"
EndProject
Global
	GlobalSection(SolutionConfigurationPlatforms) = preSolution
		Debug|Any CPU = Debug|Any CPU
		Release|Any CPU = Release|Any CPU
	EndGlobalSection
	GlobalSection(ProjectConfigurationPlatforms) = postSolution
		{A9EC3FDB-0FEE-4FE1-9D30-0859EEB7D1E6}.Debug|Any CPU.ActiveCfg = Debug|Any CPU
		{A9EC3FDB-0FEE-4FE1-9D30-0859EEB7D1E6}.Debug|Any CPU.Build.0 = Debug|Any CPU
		{A9EC3FDB-0FEE-4FE1-9D30-0859EEB7D1E6}.Release|Any CPU.ActiveCfg = Release|Any CPU
		{A9EC3FDB-0FEE-4FE1-9D30-0859EEB7D1E6}.Release|Any CPU.Build.0 = Release|Any CPU
	EndGlobalSection
	GlobalSection(SolutionProperties) = preSolution
		HideSolutionNode = FALSE
	EndGlobalSection
	GlobalSection(ExtensibilityGlobals) = postSolution
		SolutionGuid = {422ABDF1-D1C1-4898-949A-A853AE5CF679}
	EndGlobalSection
EndGlobal
