
Microsoft Visual Studio Solution File, Format Version 12.00
# Visual Studio Version 17
VisualStudioVersion = 17.14.36301.6 d17.14
MinimumVisualStudioVersion = 10.0.40219.1
Project("{FAE04EC0-301F-11D3-BF4B-00C04F79EFBC}") = "Bakery", "Bakery.csproj", "{A475648C-CDBF-43FF-BA8F-A538AB5C1DFD}"
EndProject
Global
	GlobalSection(SolutionConfigurationPlatforms) = preSolution
		Debug|Any CPU = Debug|Any CPU
		Release|Any CPU = Release|Any CPU
	EndGlobalSection
	GlobalSection(ProjectConfigurationPlatforms) = postSolution
		{A475648C-CDBF-43FF-BA8F-A538AB5C1DFD}.Debug|Any CPU.ActiveCfg = Debug|Any CPU
		{A475648C-CDBF-43FF-BA8F-A538AB5C1DFD}.Debug|Any CPU.Build.0 = Debug|Any CPU
		{A475648C-CDBF-43FF-BA8F-A538AB5C1DFD}.Release|Any CPU.ActiveCfg = Release|Any CPU
		{A475648C-CDBF-43FF-BA8F-A538AB5C1DFD}.Release|Any CPU.Build.0 = Release|Any CPU
	EndGlobalSection
	GlobalSection(SolutionProperties) = preSolution
		HideSolutionNode = FALSE
	EndGlobalSection
	GlobalSection(ExtensibilityGlobals) = postSolution
		SolutionGuid = {5B844D51-F38A-4090-B6A9-BE8C886029D2}
	EndGlobalSection
EndGlobal
